
Microsoft Visual Studio Solution File, Format Version 12.00
# Visual Studio 15
VisualStudioVersion = 15.0.28307.572
MinimumVisualStudioVersion = 10.0.40219.1
Project("{FAE04EC0-301F-11D3-BF4B-00C04F79EFBC}") = "Bespoke.Osc", "Bespoke.Osc\Bespoke.Osc.csproj", "{5A361BB6-080B-4CB8-8671-94202E1A187D}"
EndProject
Project("{FAE04EC0-301F-11D3-BF4B-00C04F79EFBC}") = "Bespoke.Common", "Bespoke.Common\Bespoke.Common.csproj", "{419D0833-310D-4B0B-8F99-710716D92D0E}"
EndProject
Global
	GlobalSection(SolutionConfigurationPlatforms) = preSolution
		Debug|Any CPU = Debug|Any CPU
		Release|Any CPU = Release|Any CPU
	EndGlobalSection
	GlobalSection(ProjectConfigurationPlatforms) = postSolution
		{5A361BB6-080B-4CB8-8671-94202E1A187D}.Debug|Any CPU.ActiveCfg = Debug|Any CPU
		{5A361BB6-080B-4CB8-8671-94202E1A187D}.Debug|Any CPU.Build.0 = Debug|Any CPU
		{5A361BB6-080B-4CB8-8671-94202E1A187D}.Release|Any CPU.ActiveCfg = Release|Any CPU
		{5A361BB6-080B-4CB8-8671-94202E1A187D}.Release|Any CPU.Build.0 = Release|Any CPU
		{419D0833-310D-4B0B-8F99-710716D92D0E}.Debug|Any CPU.ActiveCfg = Debug|Any CPU
		{419D0833-310D-4B0B-8F99-710716D92D0E}.Debug|Any CPU.Build.0 = Debug|Any CPU
		{419D0833-310D-4B0B-8F99-710716D92D0E}.Release|Any CPU.ActiveCfg = Release|Any CPU
		{419D0833-310D-4B0B-8F99-710716D92D0E}.Release|Any CPU.Build.0 = Release|Any CPU
	EndGlobalSection
	GlobalSection(SolutionProperties) = preSolution
		HideSolutionNode = FALSE
	EndGlobalSection
	GlobalSection(ExtensibilityGlobals) = postSolution
		SolutionGuid = {DD52C52F-03DF-4F92-B9F9-2921F62C6EF3}
	EndGlobalSection
EndGlobal
