
Microsoft Visual Studio Solution File, Format Version 12.00
# Visual Studio 15
VisualStudioVersion = 15.0.28307.572
MinimumVisualStudioVersion = 10.0.40219.1
Project("{9A19103F-16F7-4668-BE54-9A1E7A4F7556}") = "Bespoke.Common", "..\..\Bespoke.Common\Bespoke.Common.csproj", "{F8A1578F-BEBE-4BBE-AB11-A0496BDB746A}"
EndProject
Project("{9A19103F-16F7-4668-BE54-9A1E7A4F7556}") = "Bespoke.Osc", "..\..\Bespoke.Osc\Bespoke.Osc.csproj", "{C80B66A7-D89F-437B-BD3C-49798CE63993}"
EndProject
Project("{FAE04EC0-301F-11D3-BF4B-00C04F79EFBC}") = "Transmitter", "Transmitter\Transmitter.csproj", "{7F9BA0C4-AF25-4D8A-99B6-0A394ED50FEE}"
EndProject
Project("{FAE04EC0-301F-11D3-BF4B-00C04F79EFBC}") = "Receiver", "Receiver\Receiver.csproj", "{87FDFB82-450E-4D8F-8F0B-64EA3A2310C5}"
EndProject
Global
	GlobalSection(SolutionConfigurationPlatforms) = preSolution
		Debug|Any CPU = Debug|Any CPU
		Release|Any CPU = Release|Any CPU
	EndGlobalSection
	GlobalSection(ProjectConfigurationPlatforms) = postSolution
		{F8A1578F-BEBE-4BBE-AB11-A0496BDB746A}.Debug|Any CPU.ActiveCfg = Debug|Any CPU
		{F8A1578F-BEBE-4BBE-AB11-A0496BDB746A}.Debug|Any CPU.Build.0 = Debug|Any CPU
		{F8A1578F-BEBE-4BBE-AB11-A0496BDB746A}.Release|Any CPU.ActiveCfg = Release|Any CPU
		{F8A1578F-BEBE-4BBE-AB11-A0496BDB746A}.Release|Any CPU.Build.0 = Release|Any CPU
		{C80B66A7-D89F-437B-BD3C-49798CE63993}.Debug|Any CPU.ActiveCfg = Debug|Any CPU
		{C80B66A7-D89F-437B-BD3C-49798CE63993}.Debug|Any CPU.Build.0 = Debug|Any CPU
		{C80B66A7-D89F-437B-BD3C-49798CE63993}.Release|Any CPU.ActiveCfg = Release|Any CPU
		{C80B66A7-D89F-437B-BD3C-49798CE63993}.Release|Any CPU.Build.0 = Release|Any CPU
		{7F9BA0C4-AF25-4D8A-99B6-0A394ED50FEE}.Debug|Any CPU.ActiveCfg = Debug|Any CPU
		{7F9BA0C4-AF25-4D8A-99B6-0A394ED50FEE}.Debug|Any CPU.Build.0 = Debug|Any CPU
		{7F9BA0C4-AF25-4D8A-99B6-0A394ED50FEE}.Release|Any CPU.ActiveCfg = Release|Any CPU
		{7F9BA0C4-AF25-4D8A-99B6-0A394ED50FEE}.Release|Any CPU.Build.0 = Release|Any CPU
		{87FDFB82-450E-4D8F-8F0B-64EA3A2310C5}.Debug|Any CPU.ActiveCfg = Debug|Any CPU
		{87FDFB82-450E-4D8F-8F0B-64EA3A2310C5}.Debug|Any CPU.Build.0 = Debug|Any CPU
		{87FDFB82-450E-4D8F-8F0B-64EA3A2310C5}.Release|Any CPU.ActiveCfg = Release|Any CPU
		{87FDFB82-450E-4D8F-8F0B-64EA3A2310C5}.Release|Any CPU.Build.0 = Release|Any CPU
	EndGlobalSection
	GlobalSection(SolutionProperties) = preSolution
		HideSolutionNode = FALSE
	EndGlobalSection
	GlobalSection(ExtensibilityGlobals) = postSolution
		SolutionGuid = {69191776-E7F0-4A44-868D-41F38B8ADC97}
	EndGlobalSection
EndGlobal
